// !$*UTF8*$!
{
	archiveVersion = 1;
	classes = {
	};
	objectVersion = 55;
	objects = {

/* Begin PBXBuildFile section */
		5111A7AE278442060091C569 /* CircleImage.swift in Sources */ = {isa = PBXBuildFile; fileRef = 5111A7AD278442060091C569 /* CircleImage.swift */; };
		5111A7B0278447320091C569 /* MapView.swift in Sources */ = {isa = PBXBuildFile; fileRef = 5111A7AF278447320091C569 /* MapView.swift */; };
		5111A7B2278489E30091C569 /* landmarkData.json in Resources */ = {isa = PBXBuildFile; fileRef = 5111A7B1278489E30091C569 /* landmarkData.json */; };
		5111A7B4278489FA0091C569 /* Landmark.swift in Sources */ = {isa = PBXBuildFile; fileRef = 5111A7B3278489FA0091C569 /* Landmark.swift */; };
		5111A7B627848C0C0091C569 /* ModelData.swift in Sources */ = {isa = PBXBuildFile; fileRef = 5111A7B527848C0C0091C569 /* ModelData.swift */; };
		5111A7BA2784901D0091C569 /* LandmarkRow.swift in Sources */ = {isa = PBXBuildFile; fileRef = 5111A7B92784901D0091C569 /* LandmarkRow.swift */; };
		5111A7BC278499590091C569 /* LandmarkList.swift in Sources */ = {isa = PBXBuildFile; fileRef = 5111A7BB278499590091C569 /* LandmarkList.swift */; };
		5111A7BF27849D610091C569 /* LandmarkDetail.swift in Sources */ = {isa = PBXBuildFile; fileRef = 5111A7BE27849D610091C569 /* LandmarkDetail.swift */; };
		5111A7C12784CA560091C569 /* FavoriteButton.swift in Sources */ = {isa = PBXBuildFile; fileRef = 5111A7C02784CA560091C569 /* FavoriteButton.swift */; };
		513A993727921187006AC6A1 /* HexagonParameters.swift in Sources */ = {isa = PBXBuildFile; fileRef = 513A993627921187006AC6A1 /* HexagonParameters.swift */; };
		513A9939279212D1006AC6A1 /* BadgeBackground.swift in Sources */ = {isa = PBXBuildFile; fileRef = 513A9938279212D1006AC6A1 /* BadgeBackground.swift */; };
		513A993B279216AA006AC6A1 /* BadgeSymbol.swift in Sources */ = {isa = PBXBuildFile; fileRef = 513A993A279216AA006AC6A1 /* BadgeSymbol.swift */; };
		513A993D27922195006AC6A1 /* RotatedBadgeSymbol.swift in Sources */ = {isa = PBXBuildFile; fileRef = 513A993C27922194006AC6A1 /* RotatedBadgeSymbol.swift */; };
		513A993F279221EE006AC6A1 /* Badge.swift in Sources */ = {isa = PBXBuildFile; fileRef = 513A993E279221EE006AC6A1 /* Badge.swift */; };
		513A994227922409006AC6A1 /* PathTest.swift in Sources */ = {isa = PBXBuildFile; fileRef = 513A994127922409006AC6A1 /* PathTest.swift */; };
		513A994427922531006AC6A1 /* hikeData.json in Resources */ = {isa = PBXBuildFile; fileRef = 513A994327922531006AC6A1 /* hikeData.json */; };
		513A994627922595006AC6A1 /* Hike.swift in Sources */ = {isa = PBXBuildFile; fileRef = 513A994527922595006AC6A1 /* Hike.swift */; };
		513A994E27922656006AC6A1 /* GraphCapsule.swift in Sources */ = {isa = PBXBuildFile; fileRef = 513A994A27922656006AC6A1 /* GraphCapsule.swift */; };
		513A994F27922656006AC6A1 /* HikeGraph.swift in Sources */ = {isa = PBXBuildFile; fileRef = 513A994B27922656006AC6A1 /* HikeGraph.swift */; };
		513A995027922656006AC6A1 /* HikeDetail.swift in Sources */ = {isa = PBXBuildFile; fileRef = 513A994C27922656006AC6A1 /* HikeDetail.swift */; };
		513A995127922656006AC6A1 /* HikeView.swift in Sources */ = {isa = PBXBuildFile; fileRef = 513A994D27922656006AC6A1 /* HikeView.swift */; };
		513A995427935069006AC6A1 /* CategoryHome.swift in Sources */ = {isa = PBXBuildFile; fileRef = 513A995327935069006AC6A1 /* CategoryHome.swift */; };
		513A995627935283006AC6A1 /* CategoryRow.swift in Sources */ = {isa = PBXBuildFile; fileRef = 513A995527935283006AC6A1 /* CategoryRow.swift */; };
		513A995827935516006AC6A1 /* CategoryItem.swift in Sources */ = {isa = PBXBuildFile; fileRef = 513A995727935515006AC6A1 /* CategoryItem.swift */; };
		513A995A279357D4006AC6A1 /* ContentView.swift in Sources */ = {isa = PBXBuildFile; fileRef = 513A9959279357D4006AC6A1 /* ContentView.swift */; };
		513A995C279359DB006AC6A1 /* Profile.swift in Sources */ = {isa = PBXBuildFile; fileRef = 513A995B279359DB006AC6A1 /* Profile.swift */; };
		513A995F27935A18006AC6A1 /* ProfileHost.swift in Sources */ = {isa = PBXBuildFile; fileRef = 513A995E27935A18006AC6A1 /* ProfileHost.swift */; };
		513A996127935A7F006AC6A1 /* ProfileSummary.swift in Sources */ = {isa = PBXBuildFile; fileRef = 513A996027935A7F006AC6A1 /* ProfileSummary.swift */; };
		513A996327935BA9006AC6A1 /* HikeBadge.swift in Sources */ = {isa = PBXBuildFile; fileRef = 513A996227935BA8006AC6A1 /* HikeBadge.swift */; };
		513A996527935E9A006AC6A1 /* ProfileEditor.swift in Sources */ = {isa = PBXBuildFile; fileRef = 513A996427935E9A006AC6A1 /* ProfileEditor.swift */; };
		513A9967279362FA006AC6A1 /* PageViewController.swift in Sources */ = {isa = PBXBuildFile; fileRef = 513A9966279362FA006AC6A1 /* PageViewController.swift */; };
		513A996A27936411006AC6A1 /* FeatureCard.swift in Sources */ = {isa = PBXBuildFile; fileRef = 513A996927936411006AC6A1 /* FeatureCard.swift */; };
		513A996C279364AB006AC6A1 /* PageView.swift in Sources */ = {isa = PBXBuildFile; fileRef = 513A996B279364AB006AC6A1 /* PageView.swift */; };
		5185A5E62AB505EA0084014E /* ContentView.swift in Sources */ = {isa = PBXBuildFile; fileRef = 5185A5E52AB505EA0084014E /* ContentView.swift */; };
		5185A5E82AB505EB0084014E /* Assets.xcassets in Resources */ = {isa = PBXBuildFile; fileRef = 5185A5E72AB505EB0084014E /* Assets.xcassets */; };
		5185A5EB2AB505EB0084014E /* Preview Assets.xcassets in Resources */ = {isa = PBXBuildFile; fileRef = 5185A5EA2AB505EB0084014E /* Preview Assets.xcassets */; };
		5185A5F02AB506B60084014E /* LandmarkList.swift in Sources */ = {isa = PBXBuildFile; fileRef = 5111A7BB278499590091C569 /* LandmarkList.swift */; };
		5185A5F12AB506B60084014E /* FavoriteButton.swift in Sources */ = {isa = PBXBuildFile; fileRef = 5111A7C02784CA560091C569 /* FavoriteButton.swift */; };
		5185A5F22AB506B60084014E /* Assets.xcassets in Resources */ = {isa = PBXBuildFile; fileRef = 51C86F1A2782F49100CE1704 /* Assets.xcassets */; };
		5185A5F32AB506B60084014E /* MapView.swift in Sources */ = {isa = PBXBuildFile; fileRef = 5111A7AF278447320091C569 /* MapView.swift */; };
		5185A5F42AB506B60084014E /* LandmarksApp.swift in Sources */ = {isa = PBXBuildFile; fileRef = 51C86F162782F48F00CE1704 /* LandmarksApp.swift */; };
		5185A5F52AB506B60084014E /* hikeData.json in Resources */ = {isa = PBXBuildFile; fileRef = 513A994327922531006AC6A1 /* hikeData.json */; };
		5185A5F62AB506B60084014E /* landmarkData.json in Resources */ = {isa = PBXBuildFile; fileRef = 5111A7B1278489E30091C569 /* landmarkData.json */; };
		5185A5F72AB506B60084014E /* ModelData.swift in Sources */ = {isa = PBXBuildFile; fileRef = 5111A7B527848C0C0091C569 /* ModelData.swift */; };
		5185A5F82AB506B60084014E /* Landmark.swift in Sources */ = {isa = PBXBuildFile; fileRef = 5111A7B3278489FA0091C569 /* Landmark.swift */; };
		5185A5F92AB506B60084014E /* CircleImage.swift in Sources */ = {isa = PBXBuildFile; fileRef = 5111A7AD278442060091C569 /* CircleImage.swift */; };
		5185A5FA2AB506B60084014E /* Profile.swift in Sources */ = {isa = PBXBuildFile; fileRef = 513A995B279359DB006AC6A1 /* Profile.swift */; };
		5185A5FB2AB506B60084014E /* LandmarkRow.swift in Sources */ = {isa = PBXBuildFile; fileRef = 5111A7B92784901D0091C569 /* LandmarkRow.swift */; };
		5185A5FD2AB507C30084014E /* LandmarkDetail.swift in Sources */ = {isa = PBXBuildFile; fileRef = 5185A5FC2AB507C30084014E /* LandmarkDetail.swift */; };
		5185A5FE2AB50A800084014E /* Hike.swift in Sources */ = {isa = PBXBuildFile; fileRef = 513A994527922595006AC6A1 /* Hike.swift */; };
		5185A6002AB50EE80084014E /* LandmarkCommands.swift in Sources */ = {isa = PBXBuildFile; fileRef = 5185A5FF2AB50EE80084014E /* LandmarkCommands.swift */; };
		5185A6012AB50EE80084014E /* LandmarkCommands.swift in Sources */ = {isa = PBXBuildFile; fileRef = 5185A5FF2AB50EE80084014E /* LandmarkCommands.swift */; };
		5185A6032AB513060084014E /* LandmarkSettings.swift in Sources */ = {isa = PBXBuildFile; fileRef = 5185A6022AB513060084014E /* LandmarkSettings.swift */; };
		5185A6042AB513060084014E /* LandmarkSettings.swift in Sources */ = {isa = PBXBuildFile; fileRef = 5185A6022AB513060084014E /* LandmarkSettings.swift */; };
		51C86F172782F48F00CE1704 /* LandmarksApp.swift in Sources */ = {isa = PBXBuildFile; fileRef = 51C86F162782F48F00CE1704 /* LandmarksApp.swift */; };
		51C86F1B2782F49100CE1704 /* Assets.xcassets in Resources */ = {isa = PBXBuildFile; fileRef = 51C86F1A2782F49100CE1704 /* Assets.xcassets */; };
		51C86F1E2782F49100CE1704 /* Preview Assets.xcassets in Resources */ = {isa = PBXBuildFile; fileRef = 51C86F1D2782F49100CE1704 /* Preview Assets.xcassets */; };
/* End PBXBuildFile section */

/* Begin PBXFileReference section */
		5111A7AD278442060091C569 /* CircleImage.swift */ = {isa = PBXFileReference; lastKnownFileType = sourcecode.swift; path = CircleImage.swift; sourceTree = "<group>"; };
		5111A7AF278447320091C569 /* MapView.swift */ = {isa = PBXFileReference; lastKnownFileType = sourcecode.swift; path = MapView.swift; sourceTree = "<group>"; };
		5111A7B1278489E30091C569 /* landmarkData.json */ = {isa = PBXFileReference; fileEncoding = 4; lastKnownFileType = text.json; path = landmarkData.json; sourceTree = "<group>"; };
		5111A7B3278489FA0091C569 /* Landmark.swift */ = {isa = PBXFileReference; lastKnownFileType = sourcecode.swift; path = Landmark.swift; sourceTree = "<group>"; };
		5111A7B527848C0C0091C569 /* ModelData.swift */ = {isa = PBXFileReference; lastKnownFileType = sourcecode.swift; path = ModelData.swift; sourceTree = "<group>"; };
		5111A7B92784901D0091C569 /* LandmarkRow.swift */ = {isa = PBXFileReference; lastKnownFileType = sourcecode.swift; path = LandmarkRow.swift; sourceTree = "<group>"; };
		5111A7BB278499590091C569 /* LandmarkList.swift */ = {isa = PBXFileReference; lastKnownFileType = sourcecode.swift; path = LandmarkList.swift; sourceTree = "<group>"; };
		5111A7BE27849D610091C569 /* LandmarkDetail.swift */ = {isa = PBXFileReference; lastKnownFileType = sourcecode.swift; path = LandmarkDetail.swift; sourceTree = "<group>"; };
		5111A7C02784CA560091C569 /* FavoriteButton.swift */ = {isa = PBXFileReference; lastKnownFileType = sourcecode.swift; path = FavoriteButton.swift; sourceTree = "<group>"; };
		513A993627921187006AC6A1 /* HexagonParameters.swift */ = {isa = PBXFileReference; lastKnownFileType = sourcecode.swift; path = HexagonParameters.swift; sourceTree = "<group>"; };
		513A9938279212D1006AC6A1 /* BadgeBackground.swift */ = {isa = PBXFileReference; lastKnownFileType = sourcecode.swift; path = BadgeBackground.swift; sourceTree = "<group>"; };
		513A993A279216AA006AC6A1 /* BadgeSymbol.swift */ = {isa = PBXFileReference; lastKnownFileType = sourcecode.swift; path = BadgeSymbol.swift; sourceTree = "<group>"; };
		513A993C27922194006AC6A1 /* RotatedBadgeSymbol.swift */ = {isa = PBXFileReference; lastKnownFileType = sourcecode.swift; path = RotatedBadgeSymbol.swift; sourceTree = "<group>"; };
		513A993E279221EE006AC6A1 /* Badge.swift */ = {isa = PBXFileReference; lastKnownFileType = sourcecode.swift; path = Badge.swift; sourceTree = "<group>"; };
		513A994127922409006AC6A1 /* PathTest.swift */ = {isa = PBXFileReference; lastKnownFileType = sourcecode.swift; path = PathTest.swift; sourceTree = "<group>"; };
		513A994327922531006AC6A1 /* hikeData.json */ = {isa = PBXFileReference; fileEncoding = 4; lastKnownFileType = text.json; path = hikeData.json; sourceTree = "<group>"; };
		513A994527922595006AC6A1 /* Hike.swift */ = {isa = PBXFileReference; lastKnownFileType = sourcecode.swift; path = Hike.swift; sourceTree = "<group>"; };
		513A994A27922656006AC6A1 /* GraphCapsule.swift */ = {isa = PBXFileReference; fileEncoding = 4; lastKnownFileType = sourcecode.swift; path = GraphCapsule.swift; sourceTree = "<group>"; };
		513A994B27922656006AC6A1 /* HikeGraph.swift */ = {isa = PBXFileReference; fileEncoding = 4; lastKnownFileType = sourcecode.swift; path = HikeGraph.swift; sourceTree = "<group>"; };
		513A994C27922656006AC6A1 /* HikeDetail.swift */ = {isa = PBXFileReference; fileEncoding = 4; lastKnownFileType = sourcecode.swift; path = HikeDetail.swift; sourceTree = "<group>"; };
		513A994D27922656006AC6A1 /* HikeView.swift */ = {isa = PBXFileReference; fileEncoding = 4; lastKnownFileType = sourcecode.swift; path = HikeView.swift; sourceTree = "<group>"; };
		513A995327935069006AC6A1 /* CategoryHome.swift */ = {isa = PBXFileReference; lastKnownFileType = sourcecode.swift; path = CategoryHome.swift; sourceTree = "<group>"; };
		513A995527935283006AC6A1 /* CategoryRow.swift */ = {isa = PBXFileReference; lastKnownFileType = sourcecode.swift; path = CategoryRow.swift; sourceTree = "<group>"; };
		513A995727935515006AC6A1 /* CategoryItem.swift */ = {isa = PBXFileReference; lastKnownFileType = sourcecode.swift; path = CategoryItem.swift; sourceTree = "<group>"; };
		513A9959279357D4006AC6A1 /* ContentView.swift */ = {isa = PBXFileReference; lastKnownFileType = sourcecode.swift; path = ContentView.swift; sourceTree = "<group>"; };
		513A995B279359DB006AC6A1 /* Profile.swift */ = {isa = PBXFileReference; lastKnownFileType = sourcecode.swift; path = Profile.swift; sourceTree = "<group>"; };
		513A995E27935A18006AC6A1 /* ProfileHost.swift */ = {isa = PBXFileReference; lastKnownFileType = sourcecode.swift; path = ProfileHost.swift; sourceTree = "<group>"; };
		513A996027935A7F006AC6A1 /* ProfileSummary.swift */ = {isa = PBXFileReference; lastKnownFileType = sourcecode.swift; path = ProfileSummary.swift; sourceTree = "<group>"; };
		513A996227935BA8006AC6A1 /* HikeBadge.swift */ = {isa = PBXFileReference; lastKnownFileType = sourcecode.swift; path = HikeBadge.swift; sourceTree = "<group>"; };
		513A996427935E9A006AC6A1 /* ProfileEditor.swift */ = {isa = PBXFileReference; lastKnownFileType = sourcecode.swift; path = ProfileEditor.swift; sourceTree = "<group>"; };
		513A9966279362FA006AC6A1 /* PageViewController.swift */ = {isa = PBXFileReference; lastKnownFileType = sourcecode.swift; path = PageViewController.swift; sourceTree = "<group>"; };
		513A996927936411006AC6A1 /* FeatureCard.swift */ = {isa = PBXFileReference; lastKnownFileType = sourcecode.swift; path = FeatureCard.swift; sourceTree = "<group>"; };
		513A996B279364AB006AC6A1 /* PageView.swift */ = {isa = PBXFileReference; lastKnownFileType = sourcecode.swift; path = PageView.swift; sourceTree = "<group>"; };
		513D20F727AADB4400C9E5B3 /* Landmarks.entitlements */ = {isa = PBXFileReference; lastKnownFileType = text.plist.entitlements; path = Landmarks.entitlements; sourceTree = "<group>"; };
		5185A5E12AB505EA0084014E /* MacLandmarks.app */ = {isa = PBXFileReference; explicitFileType = wrapper.application; includeInIndex = 0; path = MacLandmarks.app; sourceTree = BUILT_PRODUCTS_DIR; };
		5185A5E52AB505EA0084014E /* ContentView.swift */ = {isa = PBXFileReference; lastKnownFileType = sourcecode.swift; path = ContentView.swift; sourceTree = "<group>"; };
		5185A5E72AB505EB0084014E /* Assets.xcassets */ = {isa = PBXFileReference; lastKnownFileType = folder.assetcatalog; path = Assets.xcassets; sourceTree = "<group>"; };
		5185A5EA2AB505EB0084014E /* Preview Assets.xcassets */ = {isa = PBXFileReference; lastKnownFileType = folder.assetcatalog; path = "Preview Assets.xcassets"; sourceTree = "<group>"; };
		5185A5EC2AB505EB0084014E /* MacLandmarks.entitlements */ = {isa = PBXFileReference; lastKnownFileType = text.plist.entitlements; path = MacLandmarks.entitlements; sourceTree = "<group>"; };
		5185A5FC2AB507C30084014E /* LandmarkDetail.swift */ = {isa = PBXFileReference; lastKnownFileType = sourcecode.swift; path = LandmarkDetail.swift; sourceTree = "<group>"; };
		5185A5FF2AB50EE80084014E /* LandmarkCommands.swift */ = {isa = PBXFileReference; lastKnownFileType = sourcecode.swift; path = LandmarkCommands.swift; sourceTree = "<group>"; };
		5185A6022AB513060084014E /* LandmarkSettings.swift */ = {isa = PBXFileReference; lastKnownFileType = sourcecode.swift; path = LandmarkSettings.swift; sourceTree = "<group>"; };
		51C86F132782F48F00CE1704 /* Landmarks.app */ = {isa = PBXFileReference; explicitFileType = wrapper.application; includeInIndex = 0; path = Landmarks.app; sourceTree = BUILT_PRODUCTS_DIR; };
		51C86F162782F48F00CE1704 /* LandmarksApp.swift */ = {isa = PBXFileReference; lastKnownFileType = sourcecode.swift; path = LandmarksApp.swift; sourceTree = "<group>"; };
		51C86F1A2782F49100CE1704 /* Assets.xcassets */ = {isa = PBXFileReference; lastKnownFileType = folder.assetcatalog; path = Assets.xcassets; sourceTree = "<group>"; };
		51C86F1D2782F49100CE1704 /* Preview Assets.xcassets */ = {isa = PBXFileReference; lastKnownFileType = folder.assetcatalog; path = "Preview Assets.xcassets"; sourceTree = "<group>"; };
/* End PBXFileReference section */

/* Begin PBXFrameworksBuildPhase section */
		5185A5DE2AB505EA0084014E /* Frameworks */ = {
			isa = PBXFrameworksBuildPhase;
			buildActionMask = 2147483647;
			files = (
			);
			runOnlyForDeploymentPostprocessing = 0;
		};
		51C86F102782F48F00CE1704 /* Frameworks */ = {
			isa = PBXFrameworksBuildPhase;
			buildActionMask = 2147483647;
			files = (
			);
			runOnlyForDeploymentPostprocessing = 0;
		};
/* End PBXFrameworksBuildPhase section */

/* Begin PBXGroup section */
		5111A7B727848F710091C569 /* view */ = {
			isa = PBXGroup;
			children = (
				513A995D27935A0E006AC6A1 /* Profiles */,
				513A995227935052006AC6A1 /* Categories */,
				5111A7AD278442060091C569 /* CircleImage.swift */,
				5111A7AF278447320091C569 /* MapView.swift */,
				5111A7B92784901D0091C569 /* LandmarkRow.swift */,
				5111A7BB278499590091C569 /* LandmarkList.swift */,
				5111A7BE27849D610091C569 /* LandmarkDetail.swift */,
				5111A7C02784CA560091C569 /* FavoriteButton.swift */,
				513A99402792233F006AC6A1 /* Badge */,
				513A994127922409006AC6A1 /* PathTest.swift */,
				513A994527922595006AC6A1 /* Hike.swift */,
				513A9959279357D4006AC6A1 /* ContentView.swift */,
				513A996827936307006AC6A1 /* PageView */,
				513A996927936411006AC6A1 /* FeatureCard.swift */,
			);
			path = view;
			sourceTree = "<group>";
		};
		5111A7B827848F7D0091C569 /* model */ = {
			isa = PBXGroup;
			children = (
				5111A7B3278489FA0091C569 /* Landmark.swift */,
				5111A7B527848C0C0091C569 /* ModelData.swift */,
				513A995B279359DB006AC6A1 /* Profile.swift */,
			);
			path = model;
			sourceTree = "<group>";
		};
		513A99402792233F006AC6A1 /* Badge */ = {
			isa = PBXGroup;
			children = (
				513A993627921187006AC6A1 /* HexagonParameters.swift */,
				513A9938279212D1006AC6A1 /* BadgeBackground.swift */,
				513A993A279216AA006AC6A1 /* BadgeSymbol.swift */,
				513A993C27922194006AC6A1 /* RotatedBadgeSymbol.swift */,
				513A993E279221EE006AC6A1 /* Badge.swift */,
			);
			path = Badge;
			sourceTree = "<group>";
		};
		513A994927922656006AC6A1 /* Hikes */ = {
			isa = PBXGroup;
			children = (
				513A994A27922656006AC6A1 /* GraphCapsule.swift */,
				513A994B27922656006AC6A1 /* HikeGraph.swift */,
				513A994C27922656006AC6A1 /* HikeDetail.swift */,
				513A994D27922656006AC6A1 /* HikeView.swift */,
				513A996227935BA8006AC6A1 /* HikeBadge.swift */,
			);
			path = Hikes;
			sourceTree = "<group>";
		};
		513A995227935052006AC6A1 /* Categories */ = {
			isa = PBXGroup;
			children = (
				513A995327935069006AC6A1 /* CategoryHome.swift */,
				513A995527935283006AC6A1 /* CategoryRow.swift */,
				513A995727935515006AC6A1 /* CategoryItem.swift */,
			);
			path = Categories;
			sourceTree = "<group>";
		};
		513A995D27935A0E006AC6A1 /* Profiles */ = {
			isa = PBXGroup;
			children = (
				513A995E27935A18006AC6A1 /* ProfileHost.swift */,
				513A996027935A7F006AC6A1 /* ProfileSummary.swift */,
				513A996427935E9A006AC6A1 /* ProfileEditor.swift */,
			);
			path = Profiles;
			sourceTree = "<group>";
		};
		513A996827936307006AC6A1 /* PageView */ = {
			isa = PBXGroup;
			children = (
				513A9966279362FA006AC6A1 /* PageViewController.swift */,
				513A996B279364AB006AC6A1 /* PageView.swift */,
			);
			path = PageView;
			sourceTree = "<group>";
		};
		5185A5E22AB505EA0084014E /* MacLandmarks */ = {
			isa = PBXGroup;
			children = (
				5185A5E52AB505EA0084014E /* ContentView.swift */,
				5185A5E72AB505EB0084014E /* Assets.xcassets */,
				5185A5EC2AB505EB0084014E /* MacLandmarks.entitlements */,
				5185A5E92AB505EB0084014E /* Preview Content */,
				5185A5FC2AB507C30084014E /* LandmarkDetail.swift */,
				5185A5FF2AB50EE80084014E /* LandmarkCommands.swift */,
				5185A6022AB513060084014E /* LandmarkSettings.swift */,
			);
			path = MacLandmarks;
			sourceTree = "<group>";
		};
		5185A5E92AB505EB0084014E /* Preview Content */ = {
			isa = PBXGroup;
			children = (
				5185A5EA2AB505EB0084014E /* Preview Assets.xcassets */,
			);
			path = "Preview Content";
			sourceTree = "<group>";
		};
		51C86F0A2782F48F00CE1704 = {
			isa = PBXGroup;
			children = (
				51C86F152782F48F00CE1704 /* Landmarks */,
				5185A5E22AB505EA0084014E /* MacLandmarks */,
				51C86F142782F48F00CE1704 /* Products */,
			);
			sourceTree = "<group>";
		};
		51C86F142782F48F00CE1704 /* Products */ = {
			isa = PBXGroup;
			children = (
				51C86F132782F48F00CE1704 /* Landmarks.app */,
				5185A5E12AB505EA0084014E /* MacLandmarks.app */,
			);
			name = Products;
			sourceTree = "<group>";
		};
		51C86F152782F48F00CE1704 /* Landmarks */ = {
			isa = PBXGroup;
			children = (
				513D20F727AADB4400C9E5B3 /* Landmarks.entitlements */,
				513A994927922656006AC6A1 /* Hikes */,
				513A994327922531006AC6A1 /* hikeData.json */,
				5111A7B827848F7D0091C569 /* model */,
				5111A7B727848F710091C569 /* view */,
				51C86F162782F48F00CE1704 /* LandmarksApp.swift */,
				51C86F1A2782F49100CE1704 /* Assets.xcassets */,
				51C86F1C2782F49100CE1704 /* Preview Content */,
				5111A7B1278489E30091C569 /* landmarkData.json */,
			);
			path = Landmarks;
			sourceTree = "<group>";
		};
		51C86F1C2782F49100CE1704 /* Preview Content */ = {
			isa = PBXGroup;
			children = (
				51C86F1D2782F49100CE1704 /* Preview Assets.xcassets */,
			);
			path = "Preview Content";
			sourceTree = "<group>";
		};
/* End PBXGroup section */

/* Begin PBXNativeTarget section */
		5185A5E02AB505EA0084014E /* MacLandmarks */ = {
			isa = PBXNativeTarget;
			buildConfigurationList = 5185A5EF2AB505EB0084014E /* Build configuration list for PBXNativeTarget "MacLandmarks" */;
			buildPhases = (
				5185A5DD2AB505EA0084014E /* Sources */,
				5185A5DE2AB505EA0084014E /* Frameworks */,
				5185A5DF2AB505EA0084014E /* Resources */,
			);
			buildRules = (
			);
			dependencies = (
			);
			name = MacLandmarks;
			productName = MacLandmarks;
			productReference = 5185A5E12AB505EA0084014E /* MacLandmarks.app */;
			productType = "com.apple.product-type.application";
		};
		51C86F122782F48F00CE1704 /* Landmarks */ = {
			isa = PBXNativeTarget;
			buildConfigurationList = 51C86F212782F49100CE1704 /* Build configuration list for PBXNativeTarget "Landmarks" */;
			buildPhases = (
				51C86F0F2782F48F00CE1704 /* Sources */,
				51C86F102782F48F00CE1704 /* Frameworks */,
				51C86F112782F48F00CE1704 /* Resources */,
			);
			buildRules = (
			);
			dependencies = (
			);
			name = Landmarks;
			productName = Landmarks;
			productReference = 51C86F132782F48F00CE1704 /* Landmarks.app */;
			productType = "com.apple.product-type.application";
		};
/* End PBXNativeTarget section */

/* Begin PBXProject section */
		51C86F0B2782F48F00CE1704 /* Project object */ = {
			isa = PBXProject;
			attributes = {
				BuildIndependentTargetsInParallel = 1;
				LastSwiftUpdateCheck = 1500;
				LastUpgradeCheck = 1310;
				TargetAttributes = {
					5185A5E02AB505EA0084014E = {
						CreatedOnToolsVersion = 15.0;
					};
					51C86F122782F48F00CE1704 = {
						CreatedOnToolsVersion = 13.1;
					};
				};
			};
			buildConfigurationList = 51C86F0E2782F48F00CE1704 /* Build configuration list for PBXProject "Landmarks" */;
			compatibilityVersion = "Xcode 13.0";
			developmentRegion = en;
			hasScannedForEncodings = 0;
			knownRegions = (
				en,
				Base,
			);
			mainGroup = 51C86F0A2782F48F00CE1704;
			productRefGroup = 51C86F142782F48F00CE1704 /* Products */;
			projectDirPath = "";
			projectRoot = "";
			targets = (
				51C86F122782F48F00CE1704 /* Landmarks */,
				5185A5E02AB505EA0084014E /* MacLandmarks */,
			);
		};
/* End PBXProject section */

/* Begin PBXResourcesBuildPhase section */
		5185A5DF2AB505EA0084014E /* Resources */ = {
			isa = PBXResourcesBuildPhase;
			buildActionMask = 2147483647;
			files = (
				5185A5F52AB506B60084014E /* hikeData.json in Resources */,
				5185A5EB2AB505EB0084014E /* Preview Assets.xcassets in Resources */,
				5185A5F22AB506B60084014E /* Assets.xcassets in Resources */,
				5185A5F62AB506B60084014E /* landmarkData.json in Resources */,
				5185A5E82AB505EB0084014E /* Assets.xcassets in Resources */,
			);
			runOnlyForDeploymentPostprocessing = 0;
		};
		51C86F112782F48F00CE1704 /* Resources */ = {
			isa = PBXResourcesBuildPhase;
			buildActionMask = 2147483647;
			files = (
				513A994427922531006AC6A1 /* hikeData.json in Resources */,
				51C86F1E2782F49100CE1704 /* Preview Assets.xcassets in Resources */,
				51C86F1B2782F49100CE1704 /* Assets.xcassets in Resources */,
				5111A7B2278489E30091C569 /* landmarkData.json in Resources */,
			);
			runOnlyForDeploymentPostprocessing = 0;
		};
/* End PBXResourcesBuildPhase section */

/* Begin PBXSourcesBuildPhase section */
		5185A5DD2AB505EA0084014E /* Sources */ = {
			isa = PBXSourcesBuildPhase;
			buildActionMask = 2147483647;
			files = (
				5185A5F82AB506B60084014E /* Landmark.swift in Sources */,
				5185A5F92AB506B60084014E /* CircleImage.swift in Sources */,
				5185A6042AB513060084014E /* LandmarkSettings.swift in Sources */,
				5185A5F12AB506B60084014E /* FavoriteButton.swift in Sources */,
				5185A5F32AB506B60084014E /* MapView.swift in Sources */,
				5185A6012AB50EE80084014E /* LandmarkCommands.swift in Sources */,
				5185A5E62AB505EA0084014E /* ContentView.swift in Sources */,
				5185A5F42AB506B60084014E /* LandmarksApp.swift in Sources */,
				5185A5FE2AB50A800084014E /* Hike.swift in Sources */,
				5185A5F02AB506B60084014E /* LandmarkList.swift in Sources */,
				5185A5FA2AB506B60084014E /* Profile.swift in Sources */,
				5185A5FB2AB506B60084014E /* LandmarkRow.swift in Sources */,
				5185A5F72AB506B60084014E /* ModelData.swift in Sources */,
				5185A5FD2AB507C30084014E /* LandmarkDetail.swift in Sources */,
			);
			runOnlyForDeploymentPostprocessing = 0;
		};
		51C86F0F2782F48F00CE1704 /* Sources */ = {
			isa = PBXSourcesBuildPhase;
			buildActionMask = 2147483647;
			files = (
				513A994627922595006AC6A1 /* Hike.swift in Sources */,
				513A995A279357D4006AC6A1 /* ContentView.swift in Sources */,
				5185A6002AB50EE80084014E /* LandmarkCommands.swift in Sources */,
				513A996527935E9A006AC6A1 /* ProfileEditor.swift in Sources */,
				513A996127935A7F006AC6A1 /* ProfileSummary.swift in Sources */,
				5111A7AE278442060091C569 /* CircleImage.swift in Sources */,
				513A995C279359DB006AC6A1 /* Profile.swift in Sources */,
				513A993F279221EE006AC6A1 /* Badge.swift in Sources */,
				5111A7B0278447320091C569 /* MapView.swift in Sources */,
				513A995F27935A18006AC6A1 /* ProfileHost.swift in Sources */,
				513A995427935069006AC6A1 /* CategoryHome.swift in Sources */,
				513A994F27922656006AC6A1 /* HikeGraph.swift in Sources */,
				513A995627935283006AC6A1 /* CategoryRow.swift in Sources */,
				5111A7C12784CA560091C569 /* FavoriteButton.swift in Sources */,
				513A9967279362FA006AC6A1 /* PageViewController.swift in Sources */,
				513A993727921187006AC6A1 /* HexagonParameters.swift in Sources */,
				513A995827935516006AC6A1 /* CategoryItem.swift in Sources */,
				513A994227922409006AC6A1 /* PathTest.swift in Sources */,
				513A996A27936411006AC6A1 /* FeatureCard.swift in Sources */,
				513A996C279364AB006AC6A1 /* PageView.swift in Sources */,
				5185A6032AB513060084014E /* LandmarkSettings.swift in Sources */,
				513A993D27922195006AC6A1 /* RotatedBadgeSymbol.swift in Sources */,
				513A993B279216AA006AC6A1 /* BadgeSymbol.swift in Sources */,
				5111A7BC278499590091C569 /* LandmarkList.swift in Sources */,
				51C86F172782F48F00CE1704 /* LandmarksApp.swift in Sources */,
				513A9939279212D1006AC6A1 /* BadgeBackground.swift in Sources */,
				513A996327935BA9006AC6A1 /* HikeBadge.swift in Sources */,
				5111A7B4278489FA0091C569 /* Landmark.swift in Sources */,
				513A994E27922656006AC6A1 /* GraphCapsule.swift in Sources */,
				513A995127922656006AC6A1 /* HikeView.swift in Sources */,
				5111A7BA2784901D0091C569 /* LandmarkRow.swift in Sources */,
				5111A7BF27849D610091C569 /* LandmarkDetail.swift in Sources */,
				5111A7B627848C0C0091C569 /* ModelData.swift in Sources */,
				513A995027922656006AC6A1 /* HikeDetail.swift in Sources */,
			);
			runOnlyForDeploymentPostprocessing = 0;
		};
/* End PBXSourcesBuildPhase section */

/* Begin XCBuildConfiguration section */
		5185A5ED2AB505EB0084014E /* Debug */ = {
			isa = XCBuildConfiguration;
			buildSettings = {
				ASSETCATALOG_COMPILER_APPICON_NAME = AppIcon;
				ASSETCATALOG_COMPILER_GENERATE_SWIFT_ASSET_SYMBOL_EXTENSIONS = YES;
				ASSETCATALOG_COMPILER_GLOBAL_ACCENT_COLOR_NAME = AccentColor;
				CLANG_CXX_LANGUAGE_STANDARD = "gnu++20";
				CODE_SIGN_ENTITLEMENTS = MacLandmarks/MacLandmarks.entitlements;
				CODE_SIGN_STYLE = Automatic;
				COMBINE_HIDPI_IMAGES = YES;
				CURRENT_PROJECT_VERSION = 1;
				DEVELOPMENT_ASSET_PATHS = "\"MacLandmarks/Preview Content\"";
				DEVELOPMENT_TEAM = 8FNYAR5ABD;
				ENABLE_HARDENED_RUNTIME = YES;
				ENABLE_PREVIEWS = YES;
				ENABLE_USER_SCRIPT_SANDBOXING = YES;
				GCC_C_LANGUAGE_STANDARD = gnu17;
				GENERATE_INFOPLIST_FILE = YES;
				INFOPLIST_KEY_NSHumanReadableCopyright = "";
				LD_RUNPATH_SEARCH_PATHS = (
					"$(inherited)",
					"@executable_path/../Frameworks",
				);
				LOCALIZATION_PREFERS_STRING_CATALOGS = YES;
				MACOSX_DEPLOYMENT_TARGET = 13.5;
				MARKETING_VERSION = 1.0;
				PRODUCT_BUNDLE_IDENTIFIER = me.mahmudulhasan.MacLandmarks;
				PRODUCT_NAME = "$(TARGET_NAME)";
				SDKROOT = macosx;
				SWIFT_ACTIVE_COMPILATION_CONDITIONS = "DEBUG $(inherited)";
				SWIFT_EMIT_LOC_STRINGS = YES;
				SWIFT_VERSION = 5.0;
			};
			name = Debug;
		};
		5185A5EE2AB505EB0084014E /* Release */ = {
			isa = XCBuildConfiguration;
			buildSettings = {
				ASSETCATALOG_COMPILER_APPICON_NAME = AppIcon;
				ASSETCATALOG_COMPILER_GENERATE_SWIFT_ASSET_SYMBOL_EXTENSIONS = YES;
				ASSETCATALOG_COMPILER_GLOBAL_ACCENT_COLOR_NAME = AccentColor;
				CLANG_CXX_LANGUAGE_STANDARD = "gnu++20";
				CODE_SIGN_ENTITLEMENTS = MacLandmarks/MacLandmarks.entitlements;
				CODE_SIGN_STYLE = Automatic;
				COMBINE_HIDPI_IMAGES = YES;
				CURRENT_PROJECT_VERSION = 1;
				DEVELOPMENT_ASSET_PATHS = "\"MacLandmarks/Preview Content\"";
				DEVELOPMENT_TEAM = 8FNYAR5ABD;
				ENABLE_HARDENED_RUNTIME = YES;
				ENABLE_PREVIEWS = YES;
				ENABLE_USER_SCRIPT_SANDBOXING = YES;
				GCC_C_LANGUAGE_STANDARD = gnu17;
				GENERATE_INFOPLIST_FILE = YES;
				INFOPLIST_KEY_NSHumanReadableCopyright = "";
				LD_RUNPATH_SEARCH_PATHS = (
					"$(inherited)",
					"@executable_path/../Frameworks",
				);
				LOCALIZATION_PREFERS_STRING_CATALOGS = YES;
				MACOSX_DEPLOYMENT_TARGET = 13.5;
				MARKETING_VERSION = 1.0;
				PRODUCT_BUNDLE_IDENTIFIER = me.mahmudulhasan.MacLandmarks;
				PRODUCT_NAME = "$(TARGET_NAME)";
				SDKROOT = macosx;
				SWIFT_EMIT_LOC_STRINGS = YES;
				SWIFT_VERSION = 5.0;
			};
			name = Release;
		};
		51C86F1F2782F49100CE1704 /* Debug */ = {
			isa = XCBuildConfiguration;
			buildSettings = {
				ALWAYS_SEARCH_USER_PATHS = NO;
				CLANG_ANALYZER_NONNULL = YES;
				CLANG_ANALYZER_NUMBER_OBJECT_CONVERSION = YES_AGGRESSIVE;
				CLANG_CXX_LANGUAGE_STANDARD = "gnu++17";
				CLANG_CXX_LIBRARY = "libc++";
				CLANG_ENABLE_MODULES = YES;
				CLANG_ENABLE_OBJC_ARC = YES;
				CLANG_ENABLE_OBJC_WEAK = YES;
				CLANG_WARN_BLOCK_CAPTURE_AUTORELEASING = YES;
				CLANG_WARN_BOOL_CONVERSION = YES;
				CLANG_WARN_COMMA = YES;
				CLANG_WARN_CONSTANT_CONVERSION = YES;
				CLANG_WARN_DEPRECATED_OBJC_IMPLEMENTATIONS = YES;
				CLANG_WARN_DIRECT_OBJC_ISA_USAGE = YES_ERROR;
				CLANG_WARN_DOCUMENTATION_COMMENTS = YES;
				CLANG_WARN_EMPTY_BODY = YES;
				CLANG_WARN_ENUM_CONVERSION = YES;
				CLANG_WARN_INFINITE_RECURSION = YES;
				CLANG_WARN_INT_CONVERSION = YES;
				CLANG_WARN_NON_LITERAL_NULL_CONVERSION = YES;
				CLANG_WARN_OBJC_IMPLICIT_RETAIN_SELF = YES;
				CLANG_WARN_OBJC_LITERAL_CONVERSION = YES;
				CLANG_WARN_OBJC_ROOT_CLASS = YES_ERROR;
				CLANG_WARN_QUOTED_INCLUDE_IN_FRAMEWORK_HEADER = YES;
				CLANG_WARN_RANGE_LOOP_ANALYSIS = YES;
				CLANG_WARN_STRICT_PROTOTYPES = YES;
				CLANG_WARN_SUSPICIOUS_MOVE = YES;
				CLANG_WARN_UNGUARDED_AVAILABILITY = YES_AGGRESSIVE;
				CLANG_WARN_UNREACHABLE_CODE = YES;
				CLANG_WARN__DUPLICATE_METHOD_MATCH = YES;
				COPY_PHASE_STRIP = NO;
				DEBUG_INFORMATION_FORMAT = dwarf;
				ENABLE_STRICT_OBJC_MSGSEND = YES;
				ENABLE_TESTABILITY = YES;
				GCC_C_LANGUAGE_STANDARD = gnu11;
				GCC_DYNAMIC_NO_PIC = NO;
				GCC_NO_COMMON_BLOCKS = YES;
				GCC_OPTIMIZATION_LEVEL = 0;
				GCC_PREPROCESSOR_DEFINITIONS = (
					"DEBUG=1",
					"$(inherited)",
				);
				GCC_WARN_64_TO_32_BIT_CONVERSION = YES;
				GCC_WARN_ABOUT_RETURN_TYPE = YES_ERROR;
				GCC_WARN_UNDECLARED_SELECTOR = YES;
				GCC_WARN_UNINITIALIZED_AUTOS = YES_AGGRESSIVE;
				GCC_WARN_UNUSED_FUNCTION = YES;
				GCC_WARN_UNUSED_VARIABLE = YES;
				IPHONEOS_DEPLOYMENT_TARGET = 15.0;
				MTL_ENABLE_DEBUG_INFO = INCLUDE_SOURCE;
				MTL_FAST_MATH = YES;
				ONLY_ACTIVE_ARCH = YES;
				SDKROOT = iphoneos;
				SWIFT_ACTIVE_COMPILATION_CONDITIONS = DEBUG;
				SWIFT_OPTIMIZATION_LEVEL = "-Onone";
			};
			name = Debug;
		};
		51C86F202782F49100CE1704 /* Release */ = {
			isa = XCBuildConfiguration;
			buildSettings = {
				ALWAYS_SEARCH_USER_PATHS = NO;
				CLANG_ANALYZER_NONNULL = YES;
				CLANG_ANALYZER_NUMBER_OBJECT_CONVERSION = YES_AGGRESSIVE;
				CLANG_CXX_LANGUAGE_STANDARD = "gnu++17";
				CLANG_CXX_LIBRARY = "libc++";
				CLANG_ENABLE_MODULES = YES;
				CLANG_ENABLE_OBJC_ARC = YES;
				CLANG_ENABLE_OBJC_WEAK = YES;
				CLANG_WARN_BLOCK_CAPTURE_AUTORELEASING = YES;
				CLANG_WARN_BOOL_CONVERSION = YES;
				CLANG_WARN_COMMA = YES;
				CLANG_WARN_CONSTANT_CONVERSION = YES;
				CLANG_WARN_DEPRECATED_OBJC_IMPLEMENTATIONS = YES;
				CLANG_WARN_DIRECT_OBJC_ISA_USAGE = YES_ERROR;
				CLANG_WARN_DOCUMENTATION_COMMENTS = YES;
				CLANG_WARN_EMPTY_BODY = YES;
				CLANG_WARN_ENUM_CONVERSION = YES;
				CLANG_WARN_INFINITE_RECURSION = YES;
				CLANG_WARN_INT_CONVERSION = YES;
				CLANG_WARN_NON_LITERAL_NULL_CONVERSION = YES;
				CLANG_WARN_OBJC_IMPLICIT_RETAIN_SELF = YES;
				CLANG_WARN_OBJC_LITERAL_CONVERSION = YES;
				CLANG_WARN_OBJC_ROOT_CLASS = YES_ERROR;
				CLANG_WARN_QUOTED_INCLUDE_IN_FRAMEWORK_HEADER = YES;
				CLANG_WARN_RANGE_LOOP_ANALYSIS = YES;
				CLANG_WARN_STRICT_PROTOTYPES = YES;
				CLANG_WARN_SUSPICIOUS_MOVE = YES;
				CLANG_WARN_UNGUARDED_AVAILABILITY = YES_AGGRESSIVE;
				CLANG_WARN_UNREACHABLE_CODE = YES;
				CLANG_WARN__DUPLICATE_METHOD_MATCH = YES;
				COPY_PHASE_STRIP = NO;
				DEBUG_INFORMATION_FORMAT = "dwarf-with-dsym";
				ENABLE_NS_ASSERTIONS = NO;
				ENABLE_STRICT_OBJC_MSGSEND = YES;
				GCC_C_LANGUAGE_STANDARD = gnu11;
				GCC_NO_COMMON_BLOCKS = YES;
				GCC_WARN_64_TO_32_BIT_CONVERSION = YES;
				GCC_WARN_ABOUT_RETURN_TYPE = YES_ERROR;
				GCC_WARN_UNDECLARED_SELECTOR = YES;
				GCC_WARN_UNINITIALIZED_AUTOS = YES_AGGRESSIVE;
				GCC_WARN_UNUSED_FUNCTION = YES;
				GCC_WARN_UNUSED_VARIABLE = YES;
				IPHONEOS_DEPLOYMENT_TARGET = 15.0;
				MTL_ENABLE_DEBUG_INFO = NO;
				MTL_FAST_MATH = YES;
				SDKROOT = iphoneos;
				SWIFT_COMPILATION_MODE = wholemodule;
				SWIFT_OPTIMIZATION_LEVEL = "-O";
				VALIDATE_PRODUCT = YES;
			};
			name = Release;
		};
		51C86F222782F49100CE1704 /* Debug */ = {
			isa = XCBuildConfiguration;
			buildSettings = {
				ASSETCATALOG_COMPILER_APPICON_NAME = AppIcon;
				ASSETCATALOG_COMPILER_GLOBAL_ACCENT_COLOR_NAME = AccentColor;
				CODE_SIGN_ENTITLEMENTS = Landmarks/Landmarks.entitlements;
				CODE_SIGN_STYLE = Automatic;
				CURRENT_PROJECT_VERSION = 1;
				DEVELOPMENT_ASSET_PATHS = "\"Landmarks/Preview Content\"";
				DEVELOPMENT_TEAM = 8FNYAR5ABD;
				ENABLE_PREVIEWS = YES;
				GENERATE_INFOPLIST_FILE = YES;
				INFOPLIST_KEY_UIApplicationSceneManifest_Generation = YES;
				INFOPLIST_KEY_UIApplicationSupportsIndirectInputEvents = YES;
				INFOPLIST_KEY_UILaunchScreen_Generation = YES;
				INFOPLIST_KEY_UISupportedInterfaceOrientations_iPad = "UIInterfaceOrientationPortrait UIInterfaceOrientationPortraitUpsideDown UIInterfaceOrientationLandscapeLeft UIInterfaceOrientationLandscapeRight";
				INFOPLIST_KEY_UISupportedInterfaceOrientations_iPhone = "UIInterfaceOrientationPortrait UIInterfaceOrientationLandscapeLeft UIInterfaceOrientationLandscapeRight";
				LD_RUNPATH_SEARCH_PATHS = (
					"$(inherited)",
					"@executable_path/Frameworks",
				);
				MARKETING_VERSION = 1.0;
				PRODUCT_BUNDLE_IDENTIFIER = indiestudio.me.Landmarks;
				PRODUCT_NAME = "$(TARGET_NAME)";
				SWIFT_EMIT_LOC_STRINGS = YES;
				SWIFT_VERSION = 5.0;
				TARGETED_DEVICE_FAMILY = "1,2";
			};
			name = Debug;
		};
		51C86F232782F49100CE1704 /* Release */ = {
			isa = XCBuildConfiguration;
			buildSettings = {
				ASSETCATALOG_COMPILER_APPICON_NAME = AppIcon;
				ASSETCATALOG_COMPILER_GLOBAL_ACCENT_COLOR_NAME = AccentColor;
				CODE_SIGN_ENTITLEMENTS = Landmarks/Landmarks.entitlements;
				CODE_SIGN_STYLE = Automatic;
				CURRENT_PROJECT_VERSION = 1;
				DEVELOPMENT_ASSET_PATHS = "\"Landmarks/Preview Content\"";
				DEVELOPMENT_TEAM = 8FNYAR5ABD;
				ENABLE_PREVIEWS = YES;
				GENERATE_INFOPLIST_FILE = YES;
				INFOPLIST_KEY_UIApplicationSceneManifest_Generation = YES;
				INFOPLIST_KEY_UIApplicationSupportsIndirectInputEvents = YES;
				INFOPLIST_KEY_UILaunchScreen_Generation = YES;
				INFOPLIST_KEY_UISupportedInterfaceOrientations_iPad = "UIInterfaceOrientationPortrait UIInterfaceOrientationPortraitUpsideDown UIInterfaceOrientationLandscapeLeft UIInterfaceOrientationLandscapeRight";
				INFOPLIST_KEY_UISupportedInterfaceOrientations_iPhone = "UIInterfaceOrientationPortrait UIInterfaceOrientationLandscapeLeft UIInterfaceOrientationLandscapeRight";
				LD_RUNPATH_SEARCH_PATHS = (
					"$(inherited)",
					"@executable_path/Frameworks",
				);
				MARKETING_VERSION = 1.0;
				PRODUCT_BUNDLE_IDENTIFIER = indiestudio.me.Landmarks;
				PRODUCT_NAME = "$(TARGET_NAME)";
				SWIFT_EMIT_LOC_STRINGS = YES;
				SWIFT_VERSION = 5.0;
				TARGETED_DEVICE_FAMILY = "1,2";
			};
			name = Release;
		};
/* End XCBuildConfiguration section */

/* Begin XCConfigurationList section */
		5185A5EF2AB505EB0084014E /* Build configuration list for PBXNativeTarget "MacLandmarks" */ = {
			isa = XCConfigurationList;
			buildConfigurations = (
				5185A5ED2AB505EB0084014E /* Debug */,
				5185A5EE2AB505EB0084014E /* Release */,
			);
			defaultConfigurationIsVisible = 0;
			defaultConfigurationName = Release;
		};
		51C86F0E2782F48F00CE1704 /* Build configuration list for PBXProject "Landmarks" */ = {
			isa = XCConfigurationList;
			buildConfigurations = (
				51C86F1F2782F49100CE1704 /* Debug */,
				51C86F202782F49100CE1704 /* Release */,
			);
			defaultConfigurationIsVisible = 0;
			defaultConfigurationName = Release;
		};
		51C86F212782F49100CE1704 /* Build configuration list for PBXNativeTarget "Landmarks" */ = {
			isa = XCConfigurationList;
			buildConfigurations = (
				51C86F222782F49100CE1704 /* Debug */,
				51C86F232782F49100CE1704 /* Release */,
			);
			defaultConfigurationIsVisible = 0;
			defaultConfigurationName = Release;
		};
/* End XCConfigurationList section */
	};
	rootObject = 51C86F0B2782F48F00CE1704 /* Project object */;
}
